// !$*UTF8*$!
{
	archiveVersion = 1;
	classes = {
	};
	objectVersion = 56;
	objects = {

/* Begin PBXBuildFile section */
		0E038BA02924C9B400D7D7E4 /* AppDelegate.swift in Sources */ = {isa = PBXBuildFile; fileRef = 0E038B9F2924C9B400D7D7E4 /* AppDelegate.swift */; };
		0E038BA22924C9B400D7D7E4 /* SceneDelegate.swift in Sources */ = {isa = PBXBuildFile; fileRef = 0E038BA12924C9B400D7D7E4 /* SceneDelegate.swift */; };
		0E038BA92924C9B500D7D7E4 /* Assets.xcassets in Resources */ = {isa = PBXBuildFile; fileRef = 0E038BA82924C9B500D7D7E4 /* Assets.xcassets */; };
		0E038BAC2924C9B500D7D7E4 /* LaunchScreen.storyboard in Resources */ = {isa = PBXBuildFile; fileRef = 0E038BAA2924C9B500D7D7E4 /* LaunchScreen.storyboard */; };
		0E038BB82924CD0100D7D7E4 /* Stock.swift in Sources */ = {isa = PBXBuildFile; fileRef = 0E038BB72924CD0100D7D7E4 /* Stock.swift */; };
		0E038BBA2924DB4600D7D7E4 /* RunningTradeVC.swift in Sources */ = {isa = PBXBuildFile; fileRef = 0E038BB92924DB4600D7D7E4 /* RunningTradeVC.swift */; };
		0E038BBC2924DCE100D7D7E4 /* RunningTradeCell.swift in Sources */ = {isa = PBXBuildFile; fileRef = 0E038BBB2924DCE100D7D7E4 /* RunningTradeCell.swift */; };
		0E038BC129252A6400D7D7E4 /* SnapKit in Frameworks */ = {isa = PBXBuildFile; productRef = 0E038BC029252A6400D7D7E4 /* SnapKit */; };
		0E038BC329252FCD00D7D7E4 /* RunningTradeHeaderView.swift in Sources */ = {isa = PBXBuildFile; fileRef = 0E038BC229252FCD00D7D7E4 /* RunningTradeHeaderView.swift */; };
		0E038BC729254A9800D7D7E4 /* Extension.swift in Sources */ = {isa = PBXBuildFile; fileRef = 0E038BC629254A9800D7D7E4 /* Extension.swift */; };
		0E038BCA29255C4C00D7D7E4 /* ReusableLabel.swift in Sources */ = {isa = PBXBuildFile; fileRef = 0E038BC929255C4C00D7D7E4 /* ReusableLabel.swift */; };
		0E038BCC2925EA7B00D7D7E4 /* StockFilterView.swift in Sources */ = {isa = PBXBuildFile; fileRef = 0E038BCB2925EA7B00D7D7E4 /* StockFilterView.swift */; };
		0E038BCE29261A1900D7D7E4 /* StockFilterCell.swift in Sources */ = {isa = PBXBuildFile; fileRef = 0E038BCD29261A1900D7D7E4 /* StockFilterCell.swift */; };
		0E038BD02926257000D7D7E4 /* StockAddCell.swift in Sources */ = {isa = PBXBuildFile; fileRef = 0E038BCF2926257000D7D7E4 /* StockAddCell.swift */; };
		0E038BD229264DC000D7D7E4 /* RunningTradeVC+TableView.swift in Sources */ = {isa = PBXBuildFile; fileRef = 0E038BD129264DC000D7D7E4 /* RunningTradeVC+TableView.swift */; };
		0E038BD629264EAC00D7D7E4 /* StockFilterView+CollectionView.swift in Sources */ = {isa = PBXBuildFile; fileRef = 0E038BD529264EAC00D7D7E4 /* StockFilterView+CollectionView.swift */; };
		0E038BD829265D3800D7D7E4 /* FooterView.swift in Sources */ = {isa = PBXBuildFile; fileRef = 0E038BD729265D3800D7D7E4 /* FooterView.swift */; };
		0ED882E52926C8ED00CD105F /* TabBar1.swift in Sources */ = {isa = PBXBuildFile; fileRef = 0ED882E42926C8ED00CD105F /* TabBar1.swift */; };
		0ED882E72926C91200CD105F /* TarBar2.swift in Sources */ = {isa = PBXBuildFile; fileRef = 0ED882E62926C91200CD105F /* TarBar2.swift */; };
		0ED882E92926C93500CD105F /* TabBar.swift in Sources */ = {isa = PBXBuildFile; fileRef = 0ED882E82926C93500CD105F /* TabBar.swift */; };
		0ED882EB2926CAC100CD105F /* TabBar3.swift in Sources */ = {isa = PBXBuildFile; fileRef = 0ED882EA2926CAC100CD105F /* TabBar3.swift */; };
		0ED882ED2926CADE00CD105F /* TabBar4.swift in Sources */ = {isa = PBXBuildFile; fileRef = 0ED882EC2926CADE00CD105F /* TabBar4.swift */; };
/* End PBXBuildFile section */

/* Begin PBXFileReference section */
		0E038B9C2924C9B400D7D7E4 /* RunningTrade.app */ = {isa = PBXFileReference; explicitFileType = wrapper.application; includeInIndex = 0; path = RunningTrade.app; sourceTree = BUILT_PRODUCTS_DIR; };
		0E038B9F2924C9B400D7D7E4 /* AppDelegate.swift */ = {isa = PBXFileReference; lastKnownFileType = sourcecode.swift; path = AppDelegate.swift; sourceTree = "<group>"; };
		0E038BA12924C9B400D7D7E4 /* SceneDelegate.swift */ = {isa = PBXFileReference; lastKnownFileType = sourcecode.swift; path = SceneDelegate.swift; sourceTree = "<group>"; };
		0E038BA82924C9B500D7D7E4 /* Assets.xcassets */ = {isa = PBXFileReference; lastKnownFileType = folder.assetcatalog; path = Assets.xcassets; sourceTree = "<group>"; };
		0E038BAB2924C9B500D7D7E4 /* Base */ = {isa = PBXFileReference; lastKnownFileType = file.storyboard; name = Base; path = Base.lproj/LaunchScreen.storyboard; sourceTree = "<group>"; };
		0E038BAD2924C9B500D7D7E4 /* Info.plist */ = {isa = PBXFileReference; lastKnownFileType = text.plist.xml; path = Info.plist; sourceTree = "<group>"; };
		0E038BB72924CD0100D7D7E4 /* Stock.swift */ = {isa = PBXFileReference; lastKnownFileType = sourcecode.swift; path = Stock.swift; sourceTree = "<group>"; };
		0E038BB92924DB4600D7D7E4 /* RunningTradeVC.swift */ = {isa = PBXFileReference; lastKnownFileType = sourcecode.swift; path = RunningTradeVC.swift; sourceTree = "<group>"; };
		0E038BBB2924DCE100D7D7E4 /* RunningTradeCell.swift */ = {isa = PBXFileReference; lastKnownFileType = sourcecode.swift; path = RunningTradeCell.swift; sourceTree = "<group>"; };
		0E038BC229252FCD00D7D7E4 /* RunningTradeHeaderView.swift */ = {isa = PBXFileReference; lastKnownFileType = sourcecode.swift; path = RunningTradeHeaderView.swift; sourceTree = "<group>"; };
		0E038BC629254A9800D7D7E4 /* Extension.swift */ = {isa = PBXFileReference; lastKnownFileType = sourcecode.swift; path = Extension.swift; sourceTree = "<group>"; };
		0E038BC929255C4C00D7D7E4 /* ReusableLabel.swift */ = {isa = PBXFileReference; lastKnownFileType = sourcecode.swift; path = ReusableLabel.swift; sourceTree = "<group>"; };
		0E038BCB2925EA7B00D7D7E4 /* StockFilterView.swift */ = {isa = PBXFileReference; lastKnownFileType = sourcecode.swift; path = StockFilterView.swift; sourceTree = "<group>"; };
		0E038BCD29261A1900D7D7E4 /* StockFilterCell.swift */ = {isa = PBXFileReference; lastKnownFileType = sourcecode.swift; path = StockFilterCell.swift; sourceTree = "<group>"; };
		0E038BCF2926257000D7D7E4 /* StockAddCell.swift */ = {isa = PBXFileReference; lastKnownFileType = sourcecode.swift; path = StockAddCell.swift; sourceTree = "<group>"; };
		0E038BD129264DC000D7D7E4 /* RunningTradeVC+TableView.swift */ = {isa = PBXFileReference; lastKnownFileType = sourcecode.swift; path = "RunningTradeVC+TableView.swift"; sourceTree = "<group>"; };
		0E038BD529264EAC00D7D7E4 /* StockFilterView+CollectionView.swift */ = {isa = PBXFileReference; lastKnownFileType = sourcecode.swift; path = "StockFilterView+CollectionView.swift"; sourceTree = "<group>"; };
		0E038BD729265D3800D7D7E4 /* FooterView.swift */ = {isa = PBXFileReference; lastKnownFileType = sourcecode.swift; path = FooterView.swift; sourceTree = "<group>"; };
		0ED882E42926C8ED00CD105F /* TabBar1.swift */ = {isa = PBXFileReference; lastKnownFileType = sourcecode.swift; path = TabBar1.swift; sourceTree = "<group>"; };
		0ED882E62926C91200CD105F /* TarBar2.swift */ = {isa = PBXFileReference; lastKnownFileType = sourcecode.swift; path = TarBar2.swift; sourceTree = "<group>"; };
		0ED882E82926C93500CD105F /* TabBar.swift */ = {isa = PBXFileReference; lastKnownFileType = sourcecode.swift; path = TabBar.swift; sourceTree = "<group>"; };
		0ED882EA2926CAC100CD105F /* TabBar3.swift */ = {isa = PBXFileReference; lastKnownFileType = sourcecode.swift; path = TabBar3.swift; sourceTree = "<group>"; };
		0ED882EC2926CADE00CD105F /* TabBar4.swift */ = {isa = PBXFileReference; lastKnownFileType = sourcecode.swift; path = TabBar4.swift; sourceTree = "<group>"; };
/* End PBXFileReference section */

/* Begin PBXFrameworksBuildPhase section */
		0E038B992924C9B400D7D7E4 /* Frameworks */ = {
			isa = PBXFrameworksBuildPhase;
			buildActionMask = 2147483647;
			files = (
				0E038BC129252A6400D7D7E4 /* SnapKit in Frameworks */,
			);
			runOnlyForDeploymentPostprocessing = 0;
		};
/* End PBXFrameworksBuildPhase section */

/* Begin PBXGroup section */
		0E038B932924C9B400D7D7E4 = {
			isa = PBXGroup;
			children = (
				0E038B9E2924C9B400D7D7E4 /* RunningTrade */,
				0E038B9D2924C9B400D7D7E4 /* Products */,
			);
			sourceTree = "<group>";
		};
		0E038B9D2924C9B400D7D7E4 /* Products */ = {
			isa = PBXGroup;
			children = (
				0E038B9C2924C9B400D7D7E4 /* RunningTrade.app */,
			);
			name = Products;
			sourceTree = "<group>";
		};
		0E038B9E2924C9B400D7D7E4 /* RunningTrade */ = {
			isa = PBXGroup;
			children = (
				0E038BAD2924C9B500D7D7E4 /* Info.plist */,
				0E038BB62924CAFD00D7D7E4 /* Misc */,
				0E038BB32924CAE600D7D7E4 /* Model */,
				0E038BB52924CAF100D7D7E4 /* ViewModel */,
				0E038BB42924CAEC00D7D7E4 /* View */,
				0E038BC829255C3B00D7D7E4 /* Utilities */,
			);
			path = RunningTrade;
			sourceTree = "<group>";
		};
		0E038BB32924CAE600D7D7E4 /* Model */ = {
			isa = PBXGroup;
			children = (
				0E038BB72924CD0100D7D7E4 /* Stock.swift */,
			);
			path = Model;
			sourceTree = "<group>";
		};
		0E038BB42924CAEC00D7D7E4 /* View */ = {
			isa = PBXGroup;
			children = (
				0ED882E32926C8CF00CD105F /* TabBar */,
				0E038BD329264DF900D7D7E4 /* RunningTrade */,
				0E038BD429264E7500D7D7E4 /* Stock filter */,
			);
			path = View;
			sourceTree = "<group>";
		};
		0E038BB52924CAF100D7D7E4 /* ViewModel */ = {
			isa = PBXGroup;
			children = (
			);
			path = ViewModel;
			sourceTree = "<group>";
		};
		0E038BB62924CAFD00D7D7E4 /* Misc */ = {
			isa = PBXGroup;
			children = (
				0E038B9F2924C9B400D7D7E4 /* AppDelegate.swift */,
				0E038BA12924C9B400D7D7E4 /* SceneDelegate.swift */,
				0E038BA82924C9B500D7D7E4 /* Assets.xcassets */,
				0E038BAA2924C9B500D7D7E4 /* LaunchScreen.storyboard */,
			);
			path = Misc;
			sourceTree = "<group>";
		};
		0E038BC829255C3B00D7D7E4 /* Utilities */ = {
			isa = PBXGroup;
			children = (
				0E038BC629254A9800D7D7E4 /* Extension.swift */,
				0E038BC929255C4C00D7D7E4 /* ReusableLabel.swift */,
			);
			path = Utilities;
			sourceTree = "<group>";
		};
		0E038BD329264DF900D7D7E4 /* RunningTrade */ = {
			isa = PBXGroup;
			children = (
				0E038BB92924DB4600D7D7E4 /* RunningTradeVC.swift */,
				0E038BD129264DC000D7D7E4 /* RunningTradeVC+TableView.swift */,
				0E038BBB2924DCE100D7D7E4 /* RunningTradeCell.swift */,
				0E038BC229252FCD00D7D7E4 /* RunningTradeHeaderView.swift */,
				0E038BD729265D3800D7D7E4 /* FooterView.swift */,
			);
			path = RunningTrade;
			sourceTree = "<group>";
		};
		0E038BD429264E7500D7D7E4 /* Stock filter */ = {
			isa = PBXGroup;
			children = (
				0E038BCB2925EA7B00D7D7E4 /* StockFilterView.swift */,
				0E038BD529264EAC00D7D7E4 /* StockFilterView+CollectionView.swift */,
				0E038BCD29261A1900D7D7E4 /* StockFilterCell.swift */,
				0E038BCF2926257000D7D7E4 /* StockAddCell.swift */,
			);
			path = "Stock filter";
			sourceTree = "<group>";
		};
		0ED882E32926C8CF00CD105F /* TabBar */ = {
			isa = PBXGroup;
			children = (
				0ED882E42926C8ED00CD105F /* TabBar1.swift */,
				0ED882E62926C91200CD105F /* TarBar2.swift */,
				0ED882EA2926CAC100CD105F /* TabBar3.swift */,
				0ED882EC2926CADE00CD105F /* TabBar4.swift */,
				0ED882E82926C93500CD105F /* TabBar.swift */,
			);
			path = TabBar;
			sourceTree = "<group>";
		};
/* End PBXGroup section */

/* Begin PBXNativeTarget section */
		0E038B9B2924C9B400D7D7E4 /* RunningTrade */ = {
			isa = PBXNativeTarget;
			buildConfigurationList = 0E038BB02924C9B500D7D7E4 /* Build configuration list for PBXNativeTarget "RunningTrade" */;
			buildPhases = (
				0E038B982924C9B400D7D7E4 /* Sources */,
				0E038B992924C9B400D7D7E4 /* Frameworks */,
				0E038B9A2924C9B400D7D7E4 /* Resources */,
			);
			buildRules = (
			);
			dependencies = (
			);
			name = RunningTrade;
			packageProductDependencies = (
				0E038BC029252A6400D7D7E4 /* SnapKit */,
			);
			productName = RunningTrade;
			productReference = 0E038B9C2924C9B400D7D7E4 /* RunningTrade.app */;
			productType = "com.apple.product-type.application";
		};
/* End PBXNativeTarget section */

/* Begin PBXProject section */
		0E038B942924C9B400D7D7E4 /* Project object */ = {
			isa = PBXProject;
			attributes = {
				BuildIndependentTargetsInParallel = 1;
				LastSwiftUpdateCheck = 1400;
				LastUpgradeCheck = 1400;
				TargetAttributes = {
					0E038B9B2924C9B400D7D7E4 = {
						CreatedOnToolsVersion = 14.0;
					};
				};
			};
			buildConfigurationList = 0E038B972924C9B400D7D7E4 /* Build configuration list for PBXProject "RunningTrade" */;
			compatibilityVersion = "Xcode 14.0";
			developmentRegion = en;
			hasScannedForEncodings = 0;
			knownRegions = (
				en,
				Base,
			);
			mainGroup = 0E038B932924C9B400D7D7E4;
			packageReferences = (
				0E038BBF29252A6400D7D7E4 /* XCRemoteSwiftPackageReference "SnapKit" */,
			);
			productRefGroup = 0E038B9D2924C9B400D7D7E4 /* Products */;
			projectDirPath = "";
			projectRoot = "";
			targets = (
				0E038B9B2924C9B400D7D7E4 /* RunningTrade */,
			);
		};
/* End PBXProject section */

/* Begin PBXResourcesBuildPhase section */
		0E038B9A2924C9B400D7D7E4 /* Resources */ = {
			isa = PBXResourcesBuildPhase;
			buildActionMask = 2147483647;
			files = (
				0E038BAC2924C9B500D7D7E4 /* LaunchScreen.storyboard in Resources */,
				0E038BA92924C9B500D7D7E4 /* Assets.xcassets in Resources */,
			);
			runOnlyForDeploymentPostprocessing = 0;
		};
/* End PBXResourcesBuildPhase section */

/* Begin PBXSourcesBuildPhase section */
		0E038B982924C9B400D7D7E4 /* Sources */ = {
			isa = PBXSourcesBuildPhase;
			buildActionMask = 2147483647;
			files = (
				0E038BC729254A9800D7D7E4 /* Extension.swift in Sources */,
				0E038BC329252FCD00D7D7E4 /* RunningTradeHeaderView.swift in Sources */,
				0E038BCC2925EA7B00D7D7E4 /* StockFilterView.swift in Sources */,
				0E038BD629264EAC00D7D7E4 /* StockFilterView+CollectionView.swift in Sources */,
				0ED882E52926C8ED00CD105F /* TabBar1.swift in Sources */,
				0E038BA02924C9B400D7D7E4 /* AppDelegate.swift in Sources */,
				0E038BBA2924DB4600D7D7E4 /* RunningTradeVC.swift in Sources */,
				0E038BB82924CD0100D7D7E4 /* Stock.swift in Sources */,
				0ED882E92926C93500CD105F /* TabBar.swift in Sources */,
				0ED882EB2926CAC100CD105F /* TabBar3.swift in Sources */,
				0E038BD829265D3800D7D7E4 /* FooterView.swift in Sources */,
				0ED882ED2926CADE00CD105F /* TabBar4.swift in Sources */,
				0E038BCA29255C4C00D7D7E4 /* ReusableLabel.swift in Sources */,
				0E038BBC2924DCE100D7D7E4 /* RunningTradeCell.swift in Sources */,
				0E038BD229264DC000D7D7E4 /* RunningTradeVC+TableView.swift in Sources */,
				0E038BCE29261A1900D7D7E4 /* StockFilterCell.swift in Sources */,
				0E038BD02926257000D7D7E4 /* StockAddCell.swift in Sources */,
				0ED882E72926C91200CD105F /* TarBar2.swift in Sources */,
				0E038BA22924C9B400D7D7E4 /* SceneDelegate.swift in Sources */,
			);
			runOnlyForDeploymentPostprocessing = 0;
		};
/* End PBXSourcesBuildPhase section */

/* Begin PBXVariantGroup section */
		0E038BAA2924C9B500D7D7E4 /* LaunchScreen.storyboard */ = {
			isa = PBXVariantGroup;
			children = (
				0E038BAB2924C9B500D7D7E4 /* Base */,
			);
			name = LaunchScreen.storyboard;
			sourceTree = "<group>";
		};
/* End PBXVariantGroup section */

/* Begin XCBuildConfiguration section */
		0E038BAE2924C9B500D7D7E4 /* Debug */ = {
			isa = XCBuildConfiguration;
			buildSettings = {
				ALWAYS_SEARCH_USER_PATHS = NO;
				CLANG_ANALYZER_NONNULL = YES;
				CLANG_ANALYZER_NUMBER_OBJECT_CONVERSION = YES_AGGRESSIVE;
				CLANG_CXX_LANGUAGE_STANDARD = "gnu++20";
				CLANG_ENABLE_MODULES = YES;
				CLANG_ENABLE_OBJC_ARC = YES;
				CLANG_ENABLE_OBJC_WEAK = YES;
				CLANG_WARN_BLOCK_CAPTURE_AUTORELEASING = YES;
				CLANG_WARN_BOOL_CONVERSION = YES;
				CLANG_WARN_COMMA = YES;
				CLANG_WARN_CONSTANT_CONVERSION = YES;
				CLANG_WARN_DEPRECATED_OBJC_IMPLEMENTATIONS = YES;
				CLANG_WARN_DIRECT_OBJC_ISA_USAGE = YES_ERROR;
				CLANG_WARN_DOCUMENTATION_COMMENTS = YES;
				CLANG_WARN_EMPTY_BODY = YES;
				CLANG_WARN_ENUM_CONVERSION = YES;
				CLANG_WARN_INFINITE_RECURSION = YES;
				CLANG_WARN_INT_CONVERSION = YES;
				CLANG_WARN_NON_LITERAL_NULL_CONVERSION = YES;
				CLANG_WARN_OBJC_IMPLICIT_RETAIN_SELF = YES;
				CLANG_WARN_OBJC_LITERAL_CONVERSION = YES;
				CLANG_WARN_OBJC_ROOT_CLASS = YES_ERROR;
				CLANG_WARN_QUOTED_INCLUDE_IN_FRAMEWORK_HEADER = YES;
				CLANG_WARN_RANGE_LOOP_ANALYSIS = YES;
				CLANG_WARN_STRICT_PROTOTYPES = YES;
				CLANG_WARN_SUSPICIOUS_MOVE = YES;
				CLANG_WARN_UNGUARDED_AVAILABILITY = YES_AGGRESSIVE;
				CLANG_WARN_UNREACHABLE_CODE = YES;
				CLANG_WARN__DUPLICATE_METHOD_MATCH = YES;
				COPY_PHASE_STRIP = NO;
				DEBUG_INFORMATION_FORMAT = dwarf;
				ENABLE_STRICT_OBJC_MSGSEND = YES;
				ENABLE_TESTABILITY = YES;
				GCC_C_LANGUAGE_STANDARD = gnu11;
				GCC_DYNAMIC_NO_PIC = NO;
				GCC_NO_COMMON_BLOCKS = YES;
				GCC_OPTIMIZATION_LEVEL = 0;
				GCC_PREPROCESSOR_DEFINITIONS = (
					"DEBUG=1",
					"$(inherited)",
				);
				GCC_WARN_64_TO_32_BIT_CONVERSION = YES;
				GCC_WARN_ABOUT_RETURN_TYPE = YES_ERROR;
				GCC_WARN_UNDECLARED_SELECTOR = YES;
				GCC_WARN_UNINITIALIZED_AUTOS = YES_AGGRESSIVE;
				GCC_WARN_UNUSED_FUNCTION = YES;
				GCC_WARN_UNUSED_VARIABLE = YES;
				IPHONEOS_DEPLOYMENT_TARGET = 16.0;
				MTL_ENABLE_DEBUG_INFO = INCLUDE_SOURCE;
				MTL_FAST_MATH = YES;
				ONLY_ACTIVE_ARCH = YES;
				SDKROOT = iphoneos;
				SWIFT_ACTIVE_COMPILATION_CONDITIONS = DEBUG;
				SWIFT_OPTIMIZATION_LEVEL = "-Onone";
			};
			name = Debug;
		};
		0E038BAF2924C9B500D7D7E4 /* Release */ = {
			isa = XCBuildConfiguration;
			buildSettings = {
				ALWAYS_SEARCH_USER_PATHS = NO;
				CLANG_ANALYZER_NONNULL = YES;
				CLANG_ANALYZER_NUMBER_OBJECT_CONVERSION = YES_AGGRESSIVE;
				CLANG_CXX_LANGUAGE_STANDARD = "gnu++20";
				CLANG_ENABLE_MODULES = YES;
				CLANG_ENABLE_OBJC_ARC = YES;
				CLANG_ENABLE_OBJC_WEAK = YES;
				CLANG_WARN_BLOCK_CAPTURE_AUTORELEASING = YES;
				CLANG_WARN_BOOL_CONVERSION = YES;
				CLANG_WARN_COMMA = YES;
				CLANG_WARN_CONSTANT_CONVERSION = YES;
				CLANG_WARN_DEPRECATED_OBJC_IMPLEMENTATIONS = YES;
				CLANG_WARN_DIRECT_OBJC_ISA_USAGE = YES_ERROR;
				CLANG_WARN_DOCUMENTATION_COMMENTS = YES;
				CLANG_WARN_EMPTY_BODY = YES;
				CLANG_WARN_ENUM_CONVERSION = YES;
				CLANG_WARN_INFINITE_RECURSION = YES;
				CLANG_WARN_INT_CONVERSION = YES;
				CLANG_WARN_NON_LITERAL_NULL_CONVERSION = YES;
				CLANG_WARN_OBJC_IMPLICIT_RETAIN_SELF = YES;
				CLANG_WARN_OBJC_LITERAL_CONVERSION = YES;
				CLANG_WARN_OBJC_ROOT_CLASS = YES_ERROR;
				CLANG_WARN_QUOTED_INCLUDE_IN_FRAMEWORK_HEADER = YES;
				CLANG_WARN_RANGE_LOOP_ANALYSIS = YES;
				CLANG_WARN_STRICT_PROTOTYPES = YES;
				CLANG_WARN_SUSPICIOUS_MOVE = YES;
				CLANG_WARN_UNGUARDED_AVAILABILITY = YES_AGGRESSIVE;
				CLANG_WARN_UNREACHABLE_CODE = YES;
				CLANG_WARN__DUPLICATE_METHOD_MATCH = YES;
				COPY_PHASE_STRIP = NO;
				DEBUG_INFORMATION_FORMAT = "dwarf-with-dsym";
				ENABLE_NS_ASSERTIONS = NO;
				ENABLE_STRICT_OBJC_MSGSEND = YES;
				GCC_C_LANGUAGE_STANDARD = gnu11;
				GCC_NO_COMMON_BLOCKS = YES;
				GCC_WARN_64_TO_32_BIT_CONVERSION = YES;
				GCC_WARN_ABOUT_RETURN_TYPE = YES_ERROR;
				GCC_WARN_UNDECLARED_SELECTOR = YES;
				GCC_WARN_UNINITIALIZED_AUTOS = YES_AGGRESSIVE;
				GCC_WARN_UNUSED_FUNCTION = YES;
				GCC_WARN_UNUSED_VARIABLE = YES;
				IPHONEOS_DEPLOYMENT_TARGET = 16.0;
				MTL_ENABLE_DEBUG_INFO = NO;
				MTL_FAST_MATH = YES;
				SDKROOT = iphoneos;
				SWIFT_COMPILATION_MODE = wholemodule;
				SWIFT_OPTIMIZATION_LEVEL = "-O";
				VALIDATE_PRODUCT = YES;
			};
			name = Release;
		};
		0E038BB12924C9B500D7D7E4 /* Debug */ = {
			isa = XCBuildConfiguration;
			buildSettings = {
				ASSETCATALOG_COMPILER_APPICON_NAME = AppIcon;
				ASSETCATALOG_COMPILER_GLOBAL_ACCENT_COLOR_NAME = AccentColor;
				CODE_SIGN_STYLE = Automatic;
				CURRENT_PROJECT_VERSION = 1;
				DEVELOPMENT_TEAM = 625ZX732CB;
				GENERATE_INFOPLIST_FILE = YES;
				INFOPLIST_FILE = RunningTrade/Info.plist;
				INFOPLIST_KEY_UIApplicationSupportsIndirectInputEvents = YES;
				INFOPLIST_KEY_UILaunchStoryboardName = LaunchScreen;
				INFOPLIST_KEY_UIMainStoryboardFile = "";
				INFOPLIST_KEY_UISupportedInterfaceOrientations_iPad = "UIInterfaceOrientationPortrait UIInterfaceOrientationPortraitUpsideDown UIInterfaceOrientationLandscapeLeft UIInterfaceOrientationLandscapeRight";
				INFOPLIST_KEY_UISupportedInterfaceOrientations_iPhone = "UIInterfaceOrientationPortrait UIInterfaceOrientationLandscapeLeft UIInterfaceOrientationLandscapeRight";
				LD_RUNPATH_SEARCH_PATHS = (
					"$(inherited)",
					"@executable_path/Frameworks",
				);
				MARKETING_VERSION = 1.0;
				PRODUCT_BUNDLE_IDENTIFIER = com.kevinharijanto.RunningTrade;
				PRODUCT_NAME = "$(TARGET_NAME)";
				SWIFT_EMIT_LOC_STRINGS = YES;
				SWIFT_VERSION = 5.0;
				TARGETED_DEVICE_FAMILY = "1,2";
			};
			name = Debug;
		};
		0E038BB22924C9B500D7D7E4 /* Release */ = {
			isa = XCBuildConfiguration;
			buildSettings = {
				ASSETCATALOG_COMPILER_APPICON_NAME = AppIcon;
				ASSETCATALOG_COMPILER_GLOBAL_ACCENT_COLOR_NAME = AccentColor;
				CODE_SIGN_STYLE = Automatic;
				CURRENT_PROJECT_VERSION = 1;
				DEVELOPMENT_TEAM = 625ZX732CB;
				GENERATE_INFOPLIST_FILE = YES;
				INFOPLIST_FILE = RunningTrade/Info.plist;
				INFOPLIST_KEY_UIApplicationSupportsIndirectInputEvents = YES;
				INFOPLIST_KEY_UILaunchStoryboardName = LaunchScreen;
				INFOPLIST_KEY_UIMainStoryboardFile = "";
				INFOPLIST_KEY_UISupportedInterfaceOrientations_iPad = "UIInterfaceOrientationPortrait UIInterfaceOrientationPortraitUpsideDown UIInterfaceOrientationLandscapeLeft UIInterfaceOrientationLandscapeRight";
				INFOPLIST_KEY_UISupportedInterfaceOrientations_iPhone = "UIInterfaceOrientationPortrait UIInterfaceOrientationLandscapeLeft UIInterfaceOrientationLandscapeRight";
				LD_RUNPATH_SEARCH_PATHS = (
					"$(inherited)",
					"@executable_path/Frameworks",
				);
				MARKETING_VERSION = 1.0;
				PRODUCT_BUNDLE_IDENTIFIER = com.kevinharijanto.RunningTrade;
				PRODUCT_NAME = "$(TARGET_NAME)";
				SWIFT_EMIT_LOC_STRINGS = YES;
				SWIFT_VERSION = 5.0;
				TARGETED_DEVICE_FAMILY = "1,2";
			};
			name = Release;
		};
/* End XCBuildConfiguration section */

/* Begin XCConfigurationList section */
		0E038B972924C9B400D7D7E4 /* Build configuration list for PBXProject "RunningTrade" */ = {
			isa = XCConfigurationList;
			buildConfigurations = (
				0E038BAE2924C9B500D7D7E4 /* Debug */,
				0E038BAF2924C9B500D7D7E4 /* Release */,
			);
			defaultConfigurationIsVisible = 0;
			defaultConfigurationName = Release;
		};
		0E038BB02924C9B500D7D7E4 /* Build configuration list for PBXNativeTarget "RunningTrade" */ = {
			isa = XCConfigurationList;
			buildConfigurations = (
				0E038BB12924C9B500D7D7E4 /* Debug */,
				0E038BB22924C9B500D7D7E4 /* Release */,
			);
			defaultConfigurationIsVisible = 0;
			defaultConfigurationName = Release;
		};
/* End XCConfigurationList section */

/* Begin XCRemoteSwiftPackageReference section */
		0E038BBF29252A6400D7D7E4 /* XCRemoteSwiftPackageReference "SnapKit" */ = {
			isa = XCRemoteSwiftPackageReference;
			repositoryURL = "https://github.com/SnapKit/SnapKit";
			requirement = {
				branch = develop;
				kind = branch;
			};
		};
/* End XCRemoteSwiftPackageReference section */

/* Begin XCSwiftPackageProductDependency section */
		0E038BC029252A6400D7D7E4 /* SnapKit */ = {
			isa = XCSwiftPackageProductDependency;
			package = 0E038BBF29252A6400D7D7E4 /* XCRemoteSwiftPackageReference "SnapKit" */;
			productName = SnapKit;
		};
/* End XCSwiftPackageProductDependency section */
	};
	rootObject = 0E038B942924C9B400D7D7E4 /* Project object */;
}
